<?xml version="1.0" encoding="utf-8"?>
<Project ToolsVersion="4.0" xmlns="http://schemas.microsoft.com/developer/msbuild/2003">
  <ItemGroup>
    <Filter Include="Resources">
      <UniqueIdentifier>{67DA6AB6-F800-4c08-8B7A-83BB121AAD01}</UniqueIdentifier>
      <Extensions>rc;ico;cur;bmp;dlg;rc2;rct;bin;rgs;gif;jpg;jpeg;jpe;resx;tiff;tif;png;wav;mfcribbon-ms</Extensions>
    </Filter>
    <Filter Include="Sources">
      <UniqueIdentifier>{4FC737F1-C7A5-4376-A066-2A32D752A2FF}</UniqueIdentifier>
      <Extensions>cpp;c;cc;cxx;c++;cppm;ixx;def;odl;idl;hpj;bat;asm;asmx</Extensions>
    </Filter>
    <Filter Include="Sources\Actors">
      <UniqueIdentifier>{bc886e84-9a5b-4fde-ad0b-a3652d32d822}</UniqueIdentifier>
    </Filter>
  </ItemGroup>
  <ItemGroup>
    <ClCompile Include="Main.cpp">
      <Filter>Sources</Filter>
    </ClCompile>
    <ClCompile Include="Game.cpp">
      <Filter>Sources</Filter>
    </ClCompile>
    <ClCompile Include="Actors\Player.cpp">
      <Filter>Sources\Actors</Filter>
    </ClCompile>
    <ClCompile Include="Actors\Projectile.cpp">
      <Filter>Sources\Actors</Filter>
    </ClCompile>
    <ClCompile Include="Actors\Enemy.cpp">
      <Filter>Sources\Actors</Filter>
    </ClCompile>
    <ClCompile Include="Actors\Asteroid.cpp">
      <Filter>Sources\Actors</Filter>
    </ClCompile>
  </ItemGroup>
  <ItemGroup>
    <ClInclude Include="Game.h">
      <Filter>Sources</Filter>
    </ClInclude>
    <ClInclude Include="Actors\Player.h">
      <Filter>Sources\Actors</Filter>
    </ClInclude>
    <ClInclude Include="Actors\Projectile.h">
      <Filter>Sources\Actors</Filter>
    </ClInclude>
    <ClInclude Include="Actors\Enemy.h">
      <Filter>Sources\Actors</Filter>
    </ClInclude>
    <ClInclude Include="Actors\Asteroid.h">
      <Filter>Sources\Actors</Filter>
    </ClInclude>
  </ItemGroup>
</Project>